
Microsoft Visual Studio Solution File, Format Version 12.00
# Visual Studio Version 16
VisualStudioVersion = 16.0.30717.126
MinimumVisualStudioVersion = 10.0.40219.1
Project("{FAE04EC0-301F-11D3-BF4B-00C04F79EFBC}") = "Yidosoft.Edu.Csharp.UnitTest", "Yidosoft.Edu.Csharp.UnitTest\Yidosoft.Edu.Csharp.UnitTest.csproj", "{14872FEB-4728-440C-83EF-0732096BF6E1}"
EndProject
Project("{FAE04EC0-301F-11D3-BF4B-00C04F79EFBC}") = "Yidosoft.Edu.Csharp.UnitTest.Test", "Yidosoft.Edu.Csharp.UnitTest.Test\Yidosoft.Edu.Csharp.UnitTest.Test.csproj", "{EE3DEBE1-E821-4C15-B390-EC9280C748AB}"
EndProject
Global
	GlobalSection(SolutionConfigurationPlatforms) = preSolution
		Debug|Any CPU = Debug|Any CPU
		Release|Any CPU = Release|Any CPU
	EndGlobalSection
	GlobalSection(ProjectConfigurationPlatforms) = postSolution
		{14872FEB-4728-440C-83EF-0732096BF6E1}.Debug|Any CPU.ActiveCfg = Debug|Any CPU
		{14872FEB-4728-440C-83EF-0732096BF6E1}.Debug|Any CPU.Build.0 = Debug|Any CPU
		{14872FEB-4728-440C-83EF-0732096BF6E1}.Release|Any CPU.ActiveCfg = Release|Any CPU
		{14872FEB-4728-440C-83EF-0732096BF6E1}.Release|Any CPU.Build.0 = Release|Any CPU
		{EE3DEBE1-E821-4C15-B390-EC9280C748AB}.Debug|Any CPU.ActiveCfg = Debug|Any CPU
		{EE3DEBE1-E821-4C15-B390-EC9280C748AB}.Debug|Any CPU.Build.0 = Debug|Any CPU
		{EE3DEBE1-E821-4C15-B390-EC9280C748AB}.Release|Any CPU.ActiveCfg = Release|Any CPU
		{EE3DEBE1-E821-4C15-B390-EC9280C748AB}.Release|Any CPU.Build.0 = Release|Any CPU
	EndGlobalSection
	GlobalSection(SolutionProperties) = preSolution
		HideSolutionNode = FALSE
	EndGlobalSection
	GlobalSection(ExtensibilityGlobals) = postSolution
		SolutionGuid = {7B9251C9-C1A5-49EF-9D06-A09E079F695C}
	EndGlobalSection
EndGlobal
